
Microsoft Visual Studio Solution File, Format Version 12.00
# Visual Studio Version 17
VisualStudioVersion = 17.0.31903.59
MinimumVisualStudioVersion = 10.0.40219.1
Project("{FAE04EC0-301F-11D3-BF4B-00C04F79EFBC}") = "RailwayCarriageOop", "RailwayCarriageOop\RailwayCarriageOop.csproj", "{3FE4A83A-9E13-4157-8575-0D1F74C43E4C}"
EndProject
Project("{FAE04EC0-301F-11D3-BF4B-00C04F79EFBC}") = "Domain", "Domain\Domain.csproj", "{71F1C776-FC73-4E62-95EC-FB14FCDE5367}"
EndProject
Project("{FAE04EC0-301F-11D3-BF4B-00C04F79EFBC}") = "RailwayCarriage.Utils", "RailwayCarriage.Utils\RailwayCarriage.Utils.csproj", "{DE8FE3B9-500E-44A1-B274-811AE2919B12}"
EndProject
Global
	GlobalSection(SolutionConfigurationPlatforms) = preSolution
		Debug|Any CPU = Debug|Any CPU
		Release|Any CPU = Release|Any CPU
	EndGlobalSection
	GlobalSection(SolutionProperties) = preSolution
		HideSolutionNode = FALSE
	EndGlobalSection
	GlobalSection(ProjectConfigurationPlatforms) = postSolution
		{3FE4A83A-9E13-4157-8575-0D1F74C43E4C}.Debug|Any CPU.ActiveCfg = Debug|Any CPU
		{3FE4A83A-9E13-4157-8575-0D1F74C43E4C}.Debug|Any CPU.Build.0 = Debug|Any CPU
		{3FE4A83A-9E13-4157-8575-0D1F74C43E4C}.Release|Any CPU.ActiveCfg = Release|Any CPU
		{3FE4A83A-9E13-4157-8575-0D1F74C43E4C}.Release|Any CPU.Build.0 = Release|Any CPU
		{71F1C776-FC73-4E62-95EC-FB14FCDE5367}.Debug|Any CPU.ActiveCfg = Debug|Any CPU
		{71F1C776-FC73-4E62-95EC-FB14FCDE5367}.Debug|Any CPU.Build.0 = Debug|Any CPU
		{71F1C776-FC73-4E62-95EC-FB14FCDE5367}.Release|Any CPU.ActiveCfg = Release|Any CPU
		{71F1C776-FC73-4E62-95EC-FB14FCDE5367}.Release|Any CPU.Build.0 = Release|Any CPU
		{DE8FE3B9-500E-44A1-B274-811AE2919B12}.Debug|Any CPU.ActiveCfg = Debug|Any CPU
		{DE8FE3B9-500E-44A1-B274-811AE2919B12}.Debug|Any CPU.Build.0 = Debug|Any CPU
		{DE8FE3B9-500E-44A1-B274-811AE2919B12}.Release|Any CPU.ActiveCfg = Release|Any CPU
		{DE8FE3B9-500E-44A1-B274-811AE2919B12}.Release|Any CPU.Build.0 = Release|Any CPU
	EndGlobalSection
EndGlobal
